
Microsoft Visual Studio Solution File, Format Version 12.00
# Visual Studio Version 17
VisualStudioVersion = 17.8.34525.116
MinimumVisualStudioVersion = 10.0.40219.1
Project("{00D1A9C2-B5F0-4AF3-8072-F6C62B433612}") = "PerfectPickUsers_DB", "PerfectPickUsers_DB\PerfectPickUsers_DB.sqlproj", "{315351EB-6D2E-4555-B66F-E2662B7FE2DF}"
EndProject
Global
	GlobalSection(SolutionConfigurationPlatforms) = preSolution
		Debug|Any CPU = Debug|Any CPU
		Release|Any CPU = Release|Any CPU
	EndGlobalSection
	GlobalSection(ProjectConfigurationPlatforms) = postSolution
		{315351EB-6D2E-4555-B66F-E2662B7FE2DF}.Debug|Any CPU.ActiveCfg = Debug|Any CPU
		{315351EB-6D2E-4555-B66F-E2662B7FE2DF}.Debug|Any CPU.Build.0 = Debug|Any CPU
		{315351EB-6D2E-4555-B66F-E2662B7FE2DF}.Debug|Any CPU.Deploy.0 = Debug|Any CPU
		{315351EB-6D2E-4555-B66F-E2662B7FE2DF}.Release|Any CPU.ActiveCfg = Release|Any CPU
		{315351EB-6D2E-4555-B66F-E2662B7FE2DF}.Release|Any CPU.Build.0 = Release|Any CPU
		{315351EB-6D2E-4555-B66F-E2662B7FE2DF}.Release|Any CPU.Deploy.0 = Release|Any CPU
	EndGlobalSection
	GlobalSection(SolutionProperties) = preSolution
		HideSolutionNode = FALSE
	EndGlobalSection
	GlobalSection(ExtensibilityGlobals) = postSolution
		SolutionGuid = {3330569A-E101-4BD6-861E-DEF059E17EA8}
	EndGlobalSection
EndGlobal
